// !$*UTF8*$!
{
	archiveVersion = 1;
	classes = {
	};
	objectVersion = 55;
	objects = {

/* Begin PBXBuildFile section */
		F870310528BA9B0E00BD2FA1 /* BluetoothManager.swift in Sources */ = {isa = PBXBuildFile; fileRef = F870310428BA9B0E00BD2FA1 /* BluetoothManager.swift */; };
		F870310628BA9B0E00BD2FA1 /* BluetoothManager.swift in Sources */ = {isa = PBXBuildFile; fileRef = F870310428BA9B0E00BD2FA1 /* BluetoothManager.swift */; };
		F8E1A72828A4DF510016AD5E /* Tests_iOS.swift in Sources */ = {isa = PBXBuildFile; fileRef = F8E1A72728A4DF510016AD5E /* Tests_iOS.swift */; };
		F8E1A72A28A4DF510016AD5E /* Tests_iOSLaunchTests.swift in Sources */ = {isa = PBXBuildFile; fileRef = F8E1A72928A4DF510016AD5E /* Tests_iOSLaunchTests.swift */; };
		F8E1A73428A4DF510016AD5E /* Tests_macOS.swift in Sources */ = {isa = PBXBuildFile; fileRef = F8E1A73328A4DF510016AD5E /* Tests_macOS.swift */; };
		F8E1A73628A4DF510016AD5E /* Tests_macOSLaunchTests.swift in Sources */ = {isa = PBXBuildFile; fileRef = F8E1A73528A4DF510016AD5E /* Tests_macOSLaunchTests.swift */; };
		F8E1A73728A4DF510016AD5E /* BlueboxApp.swift in Sources */ = {isa = PBXBuildFile; fileRef = F8E1A70F28A4DF4E0016AD5E /* BlueboxApp.swift */; };
		F8E1A73828A4DF510016AD5E /* BlueboxApp.swift in Sources */ = {isa = PBXBuildFile; fileRef = F8E1A70F28A4DF4E0016AD5E /* BlueboxApp.swift */; };
		F8E1A73928A4DF510016AD5E /* ContentView.swift in Sources */ = {isa = PBXBuildFile; fileRef = F8E1A71028A4DF4E0016AD5E /* ContentView.swift */; };
		F8E1A73A28A4DF510016AD5E /* ContentView.swift in Sources */ = {isa = PBXBuildFile; fileRef = F8E1A71028A4DF4E0016AD5E /* ContentView.swift */; };
		F8E1A73B28A4DF510016AD5E /* Assets.xcassets in Resources */ = {isa = PBXBuildFile; fileRef = F8E1A71128A4DF510016AD5E /* Assets.xcassets */; };
		F8E1A73C28A4DF510016AD5E /* Assets.xcassets in Resources */ = {isa = PBXBuildFile; fileRef = F8E1A71128A4DF510016AD5E /* Assets.xcassets */; };
/* End PBXBuildFile section */

/* Begin PBXContainerItemProxy section */
		F8E1A72428A4DF510016AD5E /* PBXContainerItemProxy */ = {
			isa = PBXContainerItemProxy;
			containerPortal = F8E1A70A28A4DF4E0016AD5E /* Project object */;
			proxyType = 1;
			remoteGlobalIDString = F8E1A71528A4DF510016AD5E;
			remoteInfo = "Bluebox (iOS)";
		};
		F8E1A73028A4DF510016AD5E /* PBXContainerItemProxy */ = {
			isa = PBXContainerItemProxy;
			containerPortal = F8E1A70A28A4DF4E0016AD5E /* Project object */;
			proxyType = 1;
			remoteGlobalIDString = F8E1A71B28A4DF510016AD5E;
			remoteInfo = "Bluebox (macOS)";
		};
/* End PBXContainerItemProxy section */

/* Begin PBXFileReference section */
		F870310428BA9B0E00BD2FA1 /* BluetoothManager.swift */ = {isa = PBXFileReference; lastKnownFileType = sourcecode.swift; path = BluetoothManager.swift; sourceTree = "<group>"; };
		F8E1A70F28A4DF4E0016AD5E /* BlueboxApp.swift */ = {isa = PBXFileReference; lastKnownFileType = sourcecode.swift; path = BlueboxApp.swift; sourceTree = "<group>"; };
		F8E1A71028A4DF4E0016AD5E /* ContentView.swift */ = {isa = PBXFileReference; lastKnownFileType = sourcecode.swift; path = ContentView.swift; sourceTree = "<group>"; };
		F8E1A71128A4DF510016AD5E /* Assets.xcassets */ = {isa = PBXFileReference; lastKnownFileType = folder.assetcatalog; path = Assets.xcassets; sourceTree = "<group>"; };
		F8E1A71628A4DF510016AD5E /* Bluebox.app */ = {isa = PBXFileReference; explicitFileType = wrapper.application; includeInIndex = 0; path = Bluebox.app; sourceTree = BUILT_PRODUCTS_DIR; };
		F8E1A71C28A4DF510016AD5E /* Bluebox.app */ = {isa = PBXFileReference; explicitFileType = wrapper.application; includeInIndex = 0; path = Bluebox.app; sourceTree = BUILT_PRODUCTS_DIR; };
		F8E1A71E28A4DF510016AD5E /* macOS.entitlements */ = {isa = PBXFileReference; lastKnownFileType = text.plist.entitlements; path = macOS.entitlements; sourceTree = "<group>"; };
		F8E1A72328A4DF510016AD5E /* Tests iOS.xctest */ = {isa = PBXFileReference; explicitFileType = wrapper.cfbundle; includeInIndex = 0; path = "Tests iOS.xctest"; sourceTree = BUILT_PRODUCTS_DIR; };
		F8E1A72728A4DF510016AD5E /* Tests_iOS.swift */ = {isa = PBXFileReference; lastKnownFileType = sourcecode.swift; path = Tests_iOS.swift; sourceTree = "<group>"; };
		F8E1A72928A4DF510016AD5E /* Tests_iOSLaunchTests.swift */ = {isa = PBXFileReference; lastKnownFileType = sourcecode.swift; path = Tests_iOSLaunchTests.swift; sourceTree = "<group>"; };
		F8E1A72F28A4DF510016AD5E /* Tests macOS.xctest */ = {isa = PBXFileReference; explicitFileType = wrapper.cfbundle; includeInIndex = 0; path = "Tests macOS.xctest"; sourceTree = BUILT_PRODUCTS_DIR; };
		F8E1A73328A4DF510016AD5E /* Tests_macOS.swift */ = {isa = PBXFileReference; lastKnownFileType = sourcecode.swift; path = Tests_macOS.swift; sourceTree = "<group>"; };
		F8E1A73528A4DF510016AD5E /* Tests_macOSLaunchTests.swift */ = {isa = PBXFileReference; lastKnownFileType = sourcecode.swift; path = Tests_macOSLaunchTests.swift; sourceTree = "<group>"; };
/* End PBXFileReference section */

/* Begin PBXFrameworksBuildPhase section */
		F8E1A71328A4DF510016AD5E /* Frameworks */ = {
			isa = PBXFrameworksBuildPhase;
			buildActionMask = 2147483647;
			files = (
			);
			runOnlyForDeploymentPostprocessing = 0;
		};
		F8E1A71928A4DF510016AD5E /* Frameworks */ = {
			isa = PBXFrameworksBuildPhase;
			buildActionMask = 2147483647;
			files = (
			);
			runOnlyForDeploymentPostprocessing = 0;
		};
		F8E1A72028A4DF510016AD5E /* Frameworks */ = {
			isa = PBXFrameworksBuildPhase;
			buildActionMask = 2147483647;
			files = (
			);
			runOnlyForDeploymentPostprocessing = 0;
		};
		F8E1A72C28A4DF510016AD5E /* Frameworks */ = {
			isa = PBXFrameworksBuildPhase;
			buildActionMask = 2147483647;
			files = (
			);
			runOnlyForDeploymentPostprocessing = 0;
		};
/* End PBXFrameworksBuildPhase section */

/* Begin PBXGroup section */
		F8E1A70928A4DF4E0016AD5E = {
			isa = PBXGroup;
			children = (
				F8E1A74B28A4DF990016AD5E /* iOS */,
				F8E1A70E28A4DF4E0016AD5E /* Shared */,
				F8E1A71D28A4DF510016AD5E /* macOS */,
				F8E1A72628A4DF510016AD5E /* Tests iOS */,
				F8E1A73228A4DF510016AD5E /* Tests macOS */,
				F8E1A71728A4DF510016AD5E /* Products */,
			);
			sourceTree = "<group>";
		};
		F8E1A70E28A4DF4E0016AD5E /* Shared */ = {
			isa = PBXGroup;
			children = (
				F8E1A70F28A4DF4E0016AD5E /* BlueboxApp.swift */,
				F8E1A71028A4DF4E0016AD5E /* ContentView.swift */,
				F870310428BA9B0E00BD2FA1 /* BluetoothManager.swift */,
				F8E1A71128A4DF510016AD5E /* Assets.xcassets */,
			);
			path = Shared;
			sourceTree = "<group>";
		};
		F8E1A71728A4DF510016AD5E /* Products */ = {
			isa = PBXGroup;
			children = (
				F8E1A71628A4DF510016AD5E /* Bluebox.app */,
				F8E1A71C28A4DF510016AD5E /* Bluebox.app */,
				F8E1A72328A4DF510016AD5E /* Tests iOS.xctest */,
				F8E1A72F28A4DF510016AD5E /* Tests macOS.xctest */,
			);
			name = Products;
			sourceTree = "<group>";
		};
		F8E1A71D28A4DF510016AD5E /* macOS */ = {
			isa = PBXGroup;
			children = (
				F8E1A71E28A4DF510016AD5E /* macOS.entitlements */,
			);
			path = macOS;
			sourceTree = "<group>";
		};
		F8E1A72628A4DF510016AD5E /* Tests iOS */ = {
			isa = PBXGroup;
			children = (
				F8E1A72728A4DF510016AD5E /* Tests_iOS.swift */,
				F8E1A72928A4DF510016AD5E /* Tests_iOSLaunchTests.swift */,
			);
			path = "Tests iOS";
			sourceTree = "<group>";
		};
		F8E1A73228A4DF510016AD5E /* Tests macOS */ = {
			isa = PBXGroup;
			children = (
				F8E1A73328A4DF510016AD5E /* Tests_macOS.swift */,
				F8E1A73528A4DF510016AD5E /* Tests_macOSLaunchTests.swift */,
			);
			path = "Tests macOS";
			sourceTree = "<group>";
		};
		F8E1A74B28A4DF990016AD5E /* iOS */ = {
			isa = PBXGroup;
			children = (
			);
			path = iOS;
			sourceTree = "<group>";
		};
/* End PBXGroup section */

/* Begin PBXNativeTarget section */
		F8E1A71528A4DF510016AD5E /* Bluebox (iOS) */ = {
			isa = PBXNativeTarget;
			buildConfigurationList = F8E1A73F28A4DF510016AD5E /* Build configuration list for PBXNativeTarget "Bluebox (iOS)" */;
			buildPhases = (
				F8E1A71228A4DF510016AD5E /* Sources */,
				F8E1A71328A4DF510016AD5E /* Frameworks */,
				F8E1A71428A4DF510016AD5E /* Resources */,
			);
			buildRules = (
			);
			dependencies = (
			);
			name = "Bluebox (iOS)";
			productName = "Bluebox (iOS)";
			productReference = F8E1A71628A4DF510016AD5E /* Bluebox.app */;
			productType = "com.apple.product-type.application";
		};
		F8E1A71B28A4DF510016AD5E /* Bluebox (macOS) */ = {
			isa = PBXNativeTarget;
			buildConfigurationList = F8E1A74228A4DF510016AD5E /* Build configuration list for PBXNativeTarget "Bluebox (macOS)" */;
			buildPhases = (
				F8E1A71828A4DF510016AD5E /* Sources */,
				F8E1A71928A4DF510016AD5E /* Frameworks */,
				F8E1A71A28A4DF510016AD5E /* Resources */,
			);
			buildRules = (
			);
			dependencies = (
			);
			name = "Bluebox (macOS)";
			productName = "Bluebox (macOS)";
			productReference = F8E1A71C28A4DF510016AD5E /* Bluebox.app */;
			productType = "com.apple.product-type.application";
		};
		F8E1A72228A4DF510016AD5E /* Tests iOS */ = {
			isa = PBXNativeTarget;
			buildConfigurationList = F8E1A74528A4DF510016AD5E /* Build configuration list for PBXNativeTarget "Tests iOS" */;
			buildPhases = (
				F8E1A71F28A4DF510016AD5E /* Sources */,
				F8E1A72028A4DF510016AD5E /* Frameworks */,
				F8E1A72128A4DF510016AD5E /* Resources */,
			);
			buildRules = (
			);
			dependencies = (
				F8E1A72528A4DF510016AD5E /* PBXTargetDependency */,
			);
			name = "Tests iOS";
			productName = "Tests iOS";
			productReference = F8E1A72328A4DF510016AD5E /* Tests iOS.xctest */;
			productType = "com.apple.product-type.bundle.ui-testing";
		};
		F8E1A72E28A4DF510016AD5E /* Tests macOS */ = {
			isa = PBXNativeTarget;
			buildConfigurationList = F8E1A74828A4DF510016AD5E /* Build configuration list for PBXNativeTarget "Tests macOS" */;
			buildPhases = (
				F8E1A72B28A4DF510016AD5E /* Sources */,
				F8E1A72C28A4DF510016AD5E /* Frameworks */,
				F8E1A72D28A4DF510016AD5E /* Resources */,
			);
			buildRules = (
			);
			dependencies = (
				F8E1A73128A4DF510016AD5E /* PBXTargetDependency */,
			);
			name = "Tests macOS";
			productName = "Tests macOS";
			productReference = F8E1A72F28A4DF510016AD5E /* Tests macOS.xctest */;
			productType = "com.apple.product-type.bundle.ui-testing";
		};
/* End PBXNativeTarget section */

/* Begin PBXProject section */
		F8E1A70A28A4DF4E0016AD5E /* Project object */ = {
			isa = PBXProject;
			attributes = {
				BuildIndependentTargetsInParallel = 1;
				LastSwiftUpdateCheck = 1340;
				LastUpgradeCheck = 1340;
				TargetAttributes = {
					F8E1A71528A4DF510016AD5E = {
						CreatedOnToolsVersion = 13.4.1;
					};
					F8E1A71B28A4DF510016AD5E = {
						CreatedOnToolsVersion = 13.4.1;
					};
					F8E1A72228A4DF510016AD5E = {
						CreatedOnToolsVersion = 13.4.1;
						TestTargetID = F8E1A71528A4DF510016AD5E;
					};
					F8E1A72E28A4DF510016AD5E = {
						CreatedOnToolsVersion = 13.4.1;
						TestTargetID = F8E1A71B28A4DF510016AD5E;
					};
				};
			};
			buildConfigurationList = F8E1A70D28A4DF4E0016AD5E /* Build configuration list for PBXProject "Bluebox" */;
			compatibilityVersion = "Xcode 13.0";
			developmentRegion = en;
			hasScannedForEncodings = 0;
			knownRegions = (
				en,
				Base,
			);
			mainGroup = F8E1A70928A4DF4E0016AD5E;
			productRefGroup = F8E1A71728A4DF510016AD5E /* Products */;
			projectDirPath = "";
			projectRoot = "";
			targets = (
				F8E1A71528A4DF510016AD5E /* Bluebox (iOS) */,
				F8E1A71B28A4DF510016AD5E /* Bluebox (macOS) */,
				F8E1A72228A4DF510016AD5E /* Tests iOS */,
				F8E1A72E28A4DF510016AD5E /* Tests macOS */,
			);
		};
/* End PBXProject section */

/* Begin PBXResourcesBuildPhase section */
		F8E1A71428A4DF510016AD5E /* Resources */ = {
			isa = PBXResourcesBuildPhase;
			buildActionMask = 2147483647;
			files = (
				F8E1A73B28A4DF510016AD5E /* Assets.xcassets in Resources */,
			);
			runOnlyForDeploymentPostprocessing = 0;
		};
		F8E1A71A28A4DF510016AD5E /* Resources */ = {
			isa = PBXResourcesBuildPhase;
			buildActionMask = 2147483647;
			files = (
				F8E1A73C28A4DF510016AD5E /* Assets.xcassets in Resources */,
			);
			runOnlyForDeploymentPostprocessing = 0;
		};
		F8E1A72128A4DF510016AD5E /* Resources */ = {
			isa = PBXResourcesBuildPhase;
			buildActionMask = 2147483647;
			files = (
			);
			runOnlyForDeploymentPostprocessing = 0;
		};
		F8E1A72D28A4DF510016AD5E /* Resources */ = {
			isa = PBXResourcesBuildPhase;
			buildActionMask = 2147483647;
			files = (
			);
			runOnlyForDeploymentPostprocessing = 0;
		};
/* End PBXResourcesBuildPhase section */

/* Begin PBXSourcesBuildPhase section */
		F8E1A71228A4DF510016AD5E /* Sources */ = {
			isa = PBXSourcesBuildPhase;
			buildActionMask = 2147483647;
			files = (
				F8E1A73928A4DF510016AD5E /* ContentView.swift in Sources */,
				F870310528BA9B0E00BD2FA1 /* BluetoothManager.swift in Sources */,
				F8E1A73728A4DF510016AD5E /* BlueboxApp.swift in Sources */,
			);
			runOnlyForDeploymentPostprocessing = 0;
		};
		F8E1A71828A4DF510016AD5E /* Sources */ = {
			isa = PBXSourcesBuildPhase;
			buildActionMask = 2147483647;
			files = (
				F8E1A73A28A4DF510016AD5E /* ContentView.swift in Sources */,
				F870310628BA9B0E00BD2FA1 /* BluetoothManager.swift in Sources */,
				F8E1A73828A4DF510016AD5E /* BlueboxApp.swift in Sources */,
			);
			runOnlyForDeploymentPostprocessing = 0;
		};
		F8E1A71F28A4DF510016AD5E /* Sources */ = {
			isa = PBXSourcesBuildPhase;
			buildActionMask = 2147483647;
			files = (
				F8E1A72A28A4DF510016AD5E /* Tests_iOSLaunchTests.swift in Sources */,
				F8E1A72828A4DF510016AD5E /* Tests_iOS.swift in Sources */,
			);
			runOnlyForDeploymentPostprocessing = 0;
		};
		F8E1A72B28A4DF510016AD5E /* Sources */ = {
			isa = PBXSourcesBuildPhase;
			buildActionMask = 2147483647;
			files = (
				F8E1A73628A4DF510016AD5E /* Tests_macOSLaunchTests.swift in Sources */,
				F8E1A73428A4DF510016AD5E /* Tests_macOS.swift in Sources */,
			);
			runOnlyForDeploymentPostprocessing = 0;
		};
/* End PBXSourcesBuildPhase section */

/* Begin PBXTargetDependency section */
		F8E1A72528A4DF510016AD5E /* PBXTargetDependency */ = {
			isa = PBXTargetDependency;
			target = F8E1A71528A4DF510016AD5E /* Bluebox (iOS) */;
			targetProxy = F8E1A72428A4DF510016AD5E /* PBXContainerItemProxy */;
		};
		F8E1A73128A4DF510016AD5E /* PBXTargetDependency */ = {
			isa = PBXTargetDependency;
			target = F8E1A71B28A4DF510016AD5E /* Bluebox (macOS) */;
			targetProxy = F8E1A73028A4DF510016AD5E /* PBXContainerItemProxy */;
		};
/* End PBXTargetDependency section */

/* Begin XCBuildConfiguration section */
		F8E1A73D28A4DF510016AD5E /* Debug */ = {
			isa = XCBuildConfiguration;
			buildSettings = {
				ALWAYS_SEARCH_USER_PATHS = NO;
				CLANG_ANALYZER_NONNULL = YES;
				CLANG_ANALYZER_NUMBER_OBJECT_CONVERSION = YES_AGGRESSIVE;
				CLANG_CXX_LANGUAGE_STANDARD = "gnu++17";
				CLANG_ENABLE_MODULES = YES;
				CLANG_ENABLE_OBJC_ARC = YES;
				CLANG_ENABLE_OBJC_WEAK = YES;
				CLANG_WARN_BLOCK_CAPTURE_AUTORELEASING = YES;
				CLANG_WARN_BOOL_CONVERSION = YES;
				CLANG_WARN_COMMA = YES;
				CLANG_WARN_CONSTANT_CONVERSION = YES;
				CLANG_WARN_DEPRECATED_OBJC_IMPLEMENTATIONS = YES;
				CLANG_WARN_DIRECT_OBJC_ISA_USAGE = YES_ERROR;
				CLANG_WARN_DOCUMENTATION_COMMENTS = YES;
				CLANG_WARN_EMPTY_BODY = YES;
				CLANG_WARN_ENUM_CONVERSION = YES;
				CLANG_WARN_INFINITE_RECURSION = YES;
				CLANG_WARN_INT_CONVERSION = YES;
				CLANG_WARN_NON_LITERAL_NULL_CONVERSION = YES;
				CLANG_WARN_OBJC_IMPLICIT_RETAIN_SELF = YES;
				CLANG_WARN_OBJC_LITERAL_CONVERSION = YES;
				CLANG_WARN_OBJC_ROOT_CLASS = YES_ERROR;
				CLANG_WARN_QUOTED_INCLUDE_IN_FRAMEWORK_HEADER = YES;
				CLANG_WARN_RANGE_LOOP_ANALYSIS = YES;
				CLANG_WARN_STRICT_PROTOTYPES = YES;
				CLANG_WARN_SUSPICIOUS_MOVE = YES;
				CLANG_WARN_UNGUARDED_AVAILABILITY = YES_AGGRESSIVE;
				CLANG_WARN_UNREACHABLE_CODE = YES;
				CLANG_WARN__DUPLICATE_METHOD_MATCH = YES;
				COPY_PHASE_STRIP = NO;
				DEBUG_INFORMATION_FORMAT = dwarf;
				ENABLE_STRICT_OBJC_MSGSEND = YES;
				ENABLE_TESTABILITY = YES;
				GCC_C_LANGUAGE_STANDARD = gnu11;
				GCC_DYNAMIC_NO_PIC = NO;
				GCC_NO_COMMON_BLOCKS = YES;
				GCC_OPTIMIZATION_LEVEL = 0;
				GCC_PREPROCESSOR_DEFINITIONS = (
					"DEBUG=1",
					"$(inherited)",
				);
				GCC_WARN_64_TO_32_BIT_CONVERSION = YES;
				GCC_WARN_ABOUT_RETURN_TYPE = YES_ERROR;
				GCC_WARN_UNDECLARED_SELECTOR = YES;
				GCC_WARN_UNINITIALIZED_AUTOS = YES_AGGRESSIVE;
				GCC_WARN_UNUSED_FUNCTION = YES;
				GCC_WARN_UNUSED_VARIABLE = YES;
				MTL_ENABLE_DEBUG_INFO = INCLUDE_SOURCE;
				MTL_FAST_MATH = YES;
				ONLY_ACTIVE_ARCH = YES;
				SWIFT_ACTIVE_COMPILATION_CONDITIONS = DEBUG;
				SWIFT_OPTIMIZATION_LEVEL = "-Onone";
			};
			name = Debug;
		};
		F8E1A73E28A4DF510016AD5E /* Release */ = {
			isa = XCBuildConfiguration;
			buildSettings = {
				ALWAYS_SEARCH_USER_PATHS = NO;
				CLANG_ANALYZER_NONNULL = YES;
				CLANG_ANALYZER_NUMBER_OBJECT_CONVERSION = YES_AGGRESSIVE;
				CLANG_CXX_LANGUAGE_STANDARD = "gnu++17";
				CLANG_ENABLE_MODULES = YES;
				CLANG_ENABLE_OBJC_ARC = YES;
				CLANG_ENABLE_OBJC_WEAK = YES;
				CLANG_WARN_BLOCK_CAPTURE_AUTORELEASING = YES;
				CLANG_WARN_BOOL_CONVERSION = YES;
				CLANG_WARN_COMMA = YES;
				CLANG_WARN_CONSTANT_CONVERSION = YES;
				CLANG_WARN_DEPRECATED_OBJC_IMPLEMENTATIONS = YES;
				CLANG_WARN_DIRECT_OBJC_ISA_USAGE = YES_ERROR;
				CLANG_WARN_DOCUMENTATION_COMMENTS = YES;
				CLANG_WARN_EMPTY_BODY = YES;
				CLANG_WARN_ENUM_CONVERSION = YES;
				CLANG_WARN_INFINITE_RECURSION = YES;
				CLANG_WARN_INT_CONVERSION = YES;
				CLANG_WARN_NON_LITERAL_NULL_CONVERSION = YES;
				CLANG_WARN_OBJC_IMPLICIT_RETAIN_SELF = YES;
				CLANG_WARN_OBJC_LITERAL_CONVERSION = YES;
				CLANG_WARN_OBJC_ROOT_CLASS = YES_ERROR;
				CLANG_WARN_QUOTED_INCLUDE_IN_FRAMEWORK_HEADER = YES;
				CLANG_WARN_RANGE_LOOP_ANALYSIS = YES;
				CLANG_WARN_STRICT_PROTOTYPES = YES;
				CLANG_WARN_SUSPICIOUS_MOVE = YES;
				CLANG_WARN_UNGUARDED_AVAILABILITY = YES_AGGRESSIVE;
				CLANG_WARN_UNREACHABLE_CODE = YES;
				CLANG_WARN__DUPLICATE_METHOD_MATCH = YES;
				COPY_PHASE_STRIP = NO;
				DEBUG_INFORMATION_FORMAT = "dwarf-with-dsym";
				ENABLE_NS_ASSERTIONS = NO;
				ENABLE_STRICT_OBJC_MSGSEND = YES;
				GCC_C_LANGUAGE_STANDARD = gnu11;
				GCC_NO_COMMON_BLOCKS = YES;
				GCC_WARN_64_TO_32_BIT_CONVERSION = YES;
				GCC_WARN_ABOUT_RETURN_TYPE = YES_ERROR;
				GCC_WARN_UNDECLARED_SELECTOR = YES;
				GCC_WARN_UNINITIALIZED_AUTOS = YES_AGGRESSIVE;
				GCC_WARN_UNUSED_FUNCTION = YES;
				GCC_WARN_UNUSED_VARIABLE = YES;
				MTL_ENABLE_DEBUG_INFO = NO;
				MTL_FAST_MATH = YES;
				SWIFT_COMPILATION_MODE = wholemodule;
				SWIFT_OPTIMIZATION_LEVEL = "-O";
			};
			name = Release;
		};
		F8E1A74028A4DF510016AD5E /* Debug */ = {
			isa = XCBuildConfiguration;
			buildSettings = {
				ASSETCATALOG_COMPILER_APPICON_NAME = AppIcon;
				ASSETCATALOG_COMPILER_GLOBAL_ACCENT_COLOR_NAME = AccentColor;
				CODE_SIGN_STYLE = Automatic;
				CURRENT_PROJECT_VERSION = 1;
				DEVELOPMENT_TEAM = 3EZ5UQTGVP;
				ENABLE_PREVIEWS = YES;
				GENERATE_INFOPLIST_FILE = YES;
				INFOPLIST_KEY_NSBluetoothAlwaysUsageDescription = "Scan for Bluebox device";
				INFOPLIST_KEY_NSBluetoothPeripheralUsageDescription = "Scan for Bluebox device";
				INFOPLIST_KEY_UIApplicationSceneManifest_Generation = YES;
				INFOPLIST_KEY_UIApplicationSupportsIndirectInputEvents = YES;
				INFOPLIST_KEY_UILaunchScreen_Generation = YES;
				INFOPLIST_KEY_UISupportedInterfaceOrientations_iPad = "UIInterfaceOrientationPortrait UIInterfaceOrientationPortraitUpsideDown UIInterfaceOrientationLandscapeLeft UIInterfaceOrientationLandscapeRight";
				INFOPLIST_KEY_UISupportedInterfaceOrientations_iPhone = "UIInterfaceOrientationPortrait UIInterfaceOrientationLandscapeLeft UIInterfaceOrientationLandscapeRight";
				IPHONEOS_DEPLOYMENT_TARGET = 15.5;
				LD_RUNPATH_SEARCH_PATHS = (
					"$(inherited)",
					"@executable_path/Frameworks",
				);
				MARKETING_VERSION = 1.0;
				PRODUCT_BUNDLE_IDENTIFIER = com.cerebralstudio.Bluebox;
				PRODUCT_NAME = Bluebox;
				SDKROOT = iphoneos;
				SWIFT_EMIT_LOC_STRINGS = YES;
				SWIFT_VERSION = 5.0;
				TARGETED_DEVICE_FAMILY = "1,2";
			};
			name = Debug;
		};
		F8E1A74128A4DF510016AD5E /* Release */ = {
			isa = XCBuildConfiguration;
			buildSettings = {
				ASSETCATALOG_COMPILER_APPICON_NAME = AppIcon;
				ASSETCATALOG_COMPILER_GLOBAL_ACCENT_COLOR_NAME = AccentColor;
				CODE_SIGN_STYLE = Automatic;
				CURRENT_PROJECT_VERSION = 1;
				DEVELOPMENT_TEAM = 3EZ5UQTGVP;
				ENABLE_PREVIEWS = YES;
				GENERATE_INFOPLIST_FILE = YES;
				INFOPLIST_KEY_NSBluetoothAlwaysUsageDescription = "Scan for Bluebox device";
				INFOPLIST_KEY_NSBluetoothPeripheralUsageDescription = "Scan for Bluebox device";
				INFOPLIST_KEY_UIApplicationSceneManifest_Generation = YES;
				INFOPLIST_KEY_UIApplicationSupportsIndirectInputEvents = YES;
				INFOPLIST_KEY_UILaunchScreen_Generation = YES;
				INFOPLIST_KEY_UISupportedInterfaceOrientations_iPad = "UIInterfaceOrientationPortrait UIInterfaceOrientationPortraitUpsideDown UIInterfaceOrientationLandscapeLeft UIInterfaceOrientationLandscapeRight";
				INFOPLIST_KEY_UISupportedInterfaceOrientations_iPhone = "UIInterfaceOrientationPortrait UIInterfaceOrientationLandscapeLeft UIInterfaceOrientationLandscapeRight";
				IPHONEOS_DEPLOYMENT_TARGET = 15.5;
				LD_RUNPATH_SEARCH_PATHS = (
					"$(inherited)",
					"@executable_path/Frameworks",
				);
				MARKETING_VERSION = 1.0;
				PRODUCT_BUNDLE_IDENTIFIER = com.cerebralstudio.Bluebox;
				PRODUCT_NAME = Bluebox;
				SDKROOT = iphoneos;
				SWIFT_EMIT_LOC_STRINGS = YES;
				SWIFT_VERSION = 5.0;
				TARGETED_DEVICE_FAMILY = "1,2";
				VALIDATE_PRODUCT = YES;
			};
			name = Release;
		};
		F8E1A74328A4DF510016AD5E /* Debug */ = {
			isa = XCBuildConfiguration;
			buildSettings = {
				ASSETCATALOG_COMPILER_APPICON_NAME = AppIcon;
				ASSETCATALOG_COMPILER_GLOBAL_ACCENT_COLOR_NAME = AccentColor;
				CODE_SIGN_ENTITLEMENTS = macOS/macOS.entitlements;
				CODE_SIGN_STYLE = Automatic;
				COMBINE_HIDPI_IMAGES = YES;
				CURRENT_PROJECT_VERSION = 1;
				DEVELOPMENT_TEAM = 3EZ5UQTGVP;
				ENABLE_HARDENED_RUNTIME = YES;
				ENABLE_PREVIEWS = YES;
				GENERATE_INFOPLIST_FILE = YES;
				INFOPLIST_KEY_NSHumanReadableCopyright = "";
				LD_RUNPATH_SEARCH_PATHS = (
					"$(inherited)",
					"@executable_path/../Frameworks",
				);
				MACOSX_DEPLOYMENT_TARGET = 12.3;
				MARKETING_VERSION = 1.0;
				PRODUCT_BUNDLE_IDENTIFIER = com.cerebralstudio.Bluebox;
				PRODUCT_NAME = Bluebox;
				SDKROOT = macosx;
				SWIFT_EMIT_LOC_STRINGS = YES;
				SWIFT_VERSION = 5.0;
			};
			name = Debug;
		};
		F8E1A74428A4DF510016AD5E /* Release */ = {
			isa = XCBuildConfiguration;
			buildSettings = {
				ASSETCATALOG_COMPILER_APPICON_NAME = AppIcon;
				ASSETCATALOG_COMPILER_GLOBAL_ACCENT_COLOR_NAME = AccentColor;
				CODE_SIGN_ENTITLEMENTS = macOS/macOS.entitlements;
				CODE_SIGN_STYLE = Automatic;
				COMBINE_HIDPI_IMAGES = YES;
				CURRENT_PROJECT_VERSION = 1;
				DEVELOPMENT_TEAM = 3EZ5UQTGVP;
				ENABLE_HARDENED_RUNTIME = YES;
				ENABLE_PREVIEWS = YES;
				GENERATE_INFOPLIST_FILE = YES;
				INFOPLIST_KEY_NSHumanReadableCopyright = "";
				LD_RUNPATH_SEARCH_PATHS = (
					"$(inherited)",
					"@executable_path/../Frameworks",
				);
				MACOSX_DEPLOYMENT_TARGET = 12.3;
				MARKETING_VERSION = 1.0;
				PRODUCT_BUNDLE_IDENTIFIER = com.cerebralstudio.Bluebox;
				PRODUCT_NAME = Bluebox;
				SDKROOT = macosx;
				SWIFT_EMIT_LOC_STRINGS = YES;
				SWIFT_VERSION = 5.0;
			};
			name = Release;
		};
		F8E1A74628A4DF510016AD5E /* Debug */ = {
			isa = XCBuildConfiguration;
			buildSettings = {
				ALWAYS_EMBED_SWIFT_STANDARD_LIBRARIES = YES;
				CODE_SIGN_STYLE = Automatic;
				CURRENT_PROJECT_VERSION = 1;
				DEVELOPMENT_TEAM = 3EZ5UQTGVP;
				GENERATE_INFOPLIST_FILE = YES;
				IPHONEOS_DEPLOYMENT_TARGET = 15.5;
				MARKETING_VERSION = 1.0;
				PRODUCT_BUNDLE_IDENTIFIER = "com.cerebralstudio.Tests-iOS";
				PRODUCT_NAME = "$(TARGET_NAME)";
				SDKROOT = iphoneos;
				SWIFT_EMIT_LOC_STRINGS = NO;
				SWIFT_VERSION = 5.0;
				TARGETED_DEVICE_FAMILY = "1,2";
				TEST_TARGET_NAME = "Bluebox (iOS)";
			};
			name = Debug;
		};
		F8E1A74728A4DF510016AD5E /* Release */ = {
			isa = XCBuildConfiguration;
			buildSettings = {
				ALWAYS_EMBED_SWIFT_STANDARD_LIBRARIES = YES;
				CODE_SIGN_STYLE = Automatic;
				CURRENT_PROJECT_VERSION = 1;
				DEVELOPMENT_TEAM = 3EZ5UQTGVP;
				GENERATE_INFOPLIST_FILE = YES;
				IPHONEOS_DEPLOYMENT_TARGET = 15.5;
				MARKETING_VERSION = 1.0;
				PRODUCT_BUNDLE_IDENTIFIER = "com.cerebralstudio.Tests-iOS";
				PRODUCT_NAME = "$(TARGET_NAME)";
				SDKROOT = iphoneos;
				SWIFT_EMIT_LOC_STRINGS = NO;
				SWIFT_VERSION = 5.0;
				TARGETED_DEVICE_FAMILY = "1,2";
				TEST_TARGET_NAME = "Bluebox (iOS)";
				VALIDATE_PRODUCT = YES;
			};
			name = Release;
		};
		F8E1A74928A4DF510016AD5E /* Debug */ = {
			isa = XCBuildConfiguration;
			buildSettings = {
				ALWAYS_EMBED_SWIFT_STANDARD_LIBRARIES = YES;
				CODE_SIGN_STYLE = Automatic;
				CURRENT_PROJECT_VERSION = 1;
				DEVELOPMENT_TEAM = 3EZ5UQTGVP;
				GENERATE_INFOPLIST_FILE = YES;
				MACOSX_DEPLOYMENT_TARGET = 12.3;
				MARKETING_VERSION = 1.0;
				PRODUCT_BUNDLE_IDENTIFIER = "com.cerebralstudio.Tests-macOS";
				PRODUCT_NAME = "$(TARGET_NAME)";
				SDKROOT = macosx;
				SWIFT_EMIT_LOC_STRINGS = NO;
				SWIFT_VERSION = 5.0;
				TEST_TARGET_NAME = "Bluebox (macOS)";
			};
			name = Debug;
		};
		F8E1A74A28A4DF510016AD5E /* Release */ = {
			isa = XCBuildConfiguration;
			buildSettings = {
				ALWAYS_EMBED_SWIFT_STANDARD_LIBRARIES = YES;
				CODE_SIGN_STYLE = Automatic;
				CURRENT_PROJECT_VERSION = 1;
				DEVELOPMENT_TEAM = 3EZ5UQTGVP;
				GENERATE_INFOPLIST_FILE = YES;
				MACOSX_DEPLOYMENT_TARGET = 12.3;
				MARKETING_VERSION = 1.0;
				PRODUCT_BUNDLE_IDENTIFIER = "com.cerebralstudio.Tests-macOS";
				PRODUCT_NAME = "$(TARGET_NAME)";
				SDKROOT = macosx;
				SWIFT_EMIT_LOC_STRINGS = NO;
				SWIFT_VERSION = 5.0;
				TEST_TARGET_NAME = "Bluebox (macOS)";
			};
			name = Release;
		};
/* End XCBuildConfiguration section */

/* Begin XCConfigurationList section */
		F8E1A70D28A4DF4E0016AD5E /* Build configuration list for PBXProject "Bluebox" */ = {
			isa = XCConfigurationList;
			buildConfigurations = (
				F8E1A73D28A4DF510016AD5E /* Debug */,
				F8E1A73E28A4DF510016AD5E /* Release */,
			);
			defaultConfigurationIsVisible = 0;
			defaultConfigurationName = Release;
		};
		F8E1A73F28A4DF510016AD5E /* Build configuration list for PBXNativeTarget "Bluebox (iOS)" */ = {
			isa = XCConfigurationList;
			buildConfigurations = (
				F8E1A74028A4DF510016AD5E /* Debug */,
				F8E1A74128A4DF510016AD5E /* Release */,
			);
			defaultConfigurationIsVisible = 0;
			defaultConfigurationName = Release;
		};
		F8E1A74228A4DF510016AD5E /* Build configuration list for PBXNativeTarget "Bluebox (macOS)" */ = {
			isa = XCConfigurationList;
			buildConfigurations = (
				F8E1A74328A4DF510016AD5E /* Debug */,
				F8E1A74428A4DF510016AD5E /* Release */,
			);
			defaultConfigurationIsVisible = 0;
			defaultConfigurationName = Release;
		};
		F8E1A74528A4DF510016AD5E /* Build configuration list for PBXNativeTarget "Tests iOS" */ = {
			isa = XCConfigurationList;
			buildConfigurations = (
				F8E1A74628A4DF510016AD5E /* Debug */,
				F8E1A74728A4DF510016AD5E /* Release */,
			);
			defaultConfigurationIsVisible = 0;
			defaultConfigurationName = Release;
		};
		F8E1A74828A4DF510016AD5E /* Build configuration list for PBXNativeTarget "Tests macOS" */ = {
			isa = XCConfigurationList;
			buildConfigurations = (
				F8E1A74928A4DF510016AD5E /* Debug */,
				F8E1A74A28A4DF510016AD5E /* Release */,
			);
			defaultConfigurationIsVisible = 0;
			defaultConfigurationName = Release;
		};
/* End XCConfigurationList section */
	};
	rootObject = F8E1A70A28A4DF4E0016AD5E /* Project object */;
}
